
Microsoft Visual Studio Solution File, Format Version 11.00
# Visual Studio 2010
Project("{FAE04EC0-301F-11D3-BF4B-00C04F79EFBC}") = "Assembly-CSharp", "Assembly-CSharp.csproj", "{76F61CCB-4BE2-BF5F-813D-7E6CF453973C}"
EndProject
Project("{FAE04EC0-301F-11D3-BF4B-00C04F79EFBC}") = "Assembly-CSharp-firstpass", "Assembly-CSharp-firstpass.csproj", "{65AC5B50-B996-AD67-D915-1ACF1A5E8D5C}"
EndProject
Project("{FAE04EC0-301F-11D3-BF4B-00C04F79EFBC}") = "NavMeshComponents", "NavMeshComponents.csproj", "{518C300A-094A-C4CB-4494-2ED433693439}"
EndProject
Project("{FAE04EC0-301F-11D3-BF4B-00C04F79EFBC}") = "Assembly-CSharp-Editor", "Assembly-CSharp-Editor.csproj", "{D14DA67D-9FDC-33BD-EC20-DAD51FC75463}"
EndProject
Project("{FAE04EC0-301F-11D3-BF4B-00C04F79EFBC}") = "Assembly-CSharp-Editor-firstpass", "Assembly-CSharp-Editor-firstpass.csproj", "{F19946A5-90B3-5EA1-B0DE-D40405F6D003}"
EndProject
Project("{FAE04EC0-301F-11D3-BF4B-00C04F79EFBC}") = "NavMeshComponentsEditor", "NavMeshComponentsEditor.csproj", "{0C8A3076-3B5D-E1BB-125B-1617937CCFF6}"
EndProject
Global
	GlobalSection(SolutionConfigurationPlatforms) = preSolution
		Debug|Any CPU = Debug|Any CPU
		Release|Any CPU = Release|Any CPU
	EndGlobalSection
	GlobalSection(ProjectConfigurationPlatforms) = postSolution
		{76F61CCB-4BE2-BF5F-813D-7E6CF453973C}.Debug|Any CPU.ActiveCfg = Debug|Any CPU
		{76F61CCB-4BE2-BF5F-813D-7E6CF453973C}.Debug|Any CPU.Build.0 = Debug|Any CPU
		{76F61CCB-4BE2-BF5F-813D-7E6CF453973C}.Release|Any CPU.ActiveCfg = Release|Any CPU
		{76F61CCB-4BE2-BF5F-813D-7E6CF453973C}.Release|Any CPU.Build.0 = Release|Any CPU
		{65AC5B50-B996-AD67-D915-1ACF1A5E8D5C}.Debug|Any CPU.ActiveCfg = Debug|Any CPU
		{65AC5B50-B996-AD67-D915-1ACF1A5E8D5C}.Debug|Any CPU.Build.0 = Debug|Any CPU
		{65AC5B50-B996-AD67-D915-1ACF1A5E8D5C}.Release|Any CPU.ActiveCfg = Release|Any CPU
		{65AC5B50-B996-AD67-D915-1ACF1A5E8D5C}.Release|Any CPU.Build.0 = Release|Any CPU
		{518C300A-094A-C4CB-4494-2ED433693439}.Debug|Any CPU.ActiveCfg = Debug|Any CPU
		{518C300A-094A-C4CB-4494-2ED433693439}.Debug|Any CPU.Build.0 = Debug|Any CPU
		{518C300A-094A-C4CB-4494-2ED433693439}.Release|Any CPU.ActiveCfg = Release|Any CPU
		{518C300A-094A-C4CB-4494-2ED433693439}.Release|Any CPU.Build.0 = Release|Any CPU
		{D14DA67D-9FDC-33BD-EC20-DAD51FC75463}.Debug|Any CPU.ActiveCfg = Debug|Any CPU
		{D14DA67D-9FDC-33BD-EC20-DAD51FC75463}.Debug|Any CPU.Build.0 = Debug|Any CPU
		{D14DA67D-9FDC-33BD-EC20-DAD51FC75463}.Release|Any CPU.ActiveCfg = Release|Any CPU
		{D14DA67D-9FDC-33BD-EC20-DAD51FC75463}.Release|Any CPU.Build.0 = Release|Any CPU
		{F19946A5-90B3-5EA1-B0DE-D40405F6D003}.Debug|Any CPU.ActiveCfg = Debug|Any CPU
		{F19946A5-90B3-5EA1-B0DE-D40405F6D003}.Debug|Any CPU.Build.0 = Debug|Any CPU
		{F19946A5-90B3-5EA1-B0DE-D40405F6D003}.Release|Any CPU.ActiveCfg = Release|Any CPU
		{F19946A5-90B3-5EA1-B0DE-D40405F6D003}.Release|Any CPU.Build.0 = Release|Any CPU
		{0C8A3076-3B5D-E1BB-125B-1617937CCFF6}.Debug|Any CPU.ActiveCfg = Debug|Any CPU
		{0C8A3076-3B5D-E1BB-125B-1617937CCFF6}.Debug|Any CPU.Build.0 = Debug|Any CPU
		{0C8A3076-3B5D-E1BB-125B-1617937CCFF6}.Release|Any CPU.ActiveCfg = Release|Any CPU
		{0C8A3076-3B5D-E1BB-125B-1617937CCFF6}.Release|Any CPU.Build.0 = Release|Any CPU
	EndGlobalSection
	GlobalSection(SolutionProperties) = preSolution
		HideSolutionNode = FALSE
	EndGlobalSection
	GlobalSection(MonoDevelopProperties) = preSolution
		StartupItem = Assembly-CSharp.csproj
	EndGlobalSection
EndGlobal
